
Microsoft Visual Studio Solution File, Format Version 12.00
# Visual Studio Version 17
VisualStudioVersion = 17.8.34330.188
MinimumVisualStudioVersion = 10.0.40219.1
Project("{FAE04EC0-301F-11D3-BF4B-00C04F79EFBC}") = "sampleStudentsAPI", "sampleStudentsAPI\sampleStudentsAPI.csproj", "{32E0C889-E83A-4650-AA88-F1701028D5B8}"
EndProject
Global
	GlobalSection(SolutionConfigurationPlatforms) = preSolution
		Debug|Any CPU = Debug|Any CPU
		Release|Any CPU = Release|Any CPU
	EndGlobalSection
	GlobalSection(ProjectConfigurationPlatforms) = postSolution
		{32E0C889-E83A-4650-AA88-F1701028D5B8}.Debug|Any CPU.ActiveCfg = Debug|Any CPU
		{32E0C889-E83A-4650-AA88-F1701028D5B8}.Debug|Any CPU.Build.0 = Debug|Any CPU
		{32E0C889-E83A-4650-AA88-F1701028D5B8}.Release|Any CPU.ActiveCfg = Release|Any CPU
		{32E0C889-E83A-4650-AA88-F1701028D5B8}.Release|Any CPU.Build.0 = Release|Any CPU
	EndGlobalSection
	GlobalSection(SolutionProperties) = preSolution
		HideSolutionNode = FALSE
	EndGlobalSection
	GlobalSection(ExtensibilityGlobals) = postSolution
		SolutionGuid = {39082C37-466E-4110-83A0-D6F93E30D97A}
	EndGlobalSection
EndGlobal
